
Microsoft Visual Studio Solution File, Format Version 12.00
# Visual Studio Version 17
VisualStudioVersion = 17.1.32414.318
MinimumVisualStudioVersion = 10.0.40219.1
Project("{FAE04EC0-301F-11D3-BF4B-00C04F79EFBC}") = "MainBank", "MainBank.csproj", "{3950FB3B-0017-4E86-8166-F6F78889C939}"
EndProject
Global
	GlobalSection(SolutionConfigurationPlatforms) = preSolution
		Debug|Any CPU = Debug|Any CPU
		Release|Any CPU = Release|Any CPU
	EndGlobalSection
	GlobalSection(ProjectConfigurationPlatforms) = postSolution
		{3950FB3B-0017-4E86-8166-F6F78889C939}.Debug|Any CPU.ActiveCfg = Debug|Any CPU
		{3950FB3B-0017-4E86-8166-F6F78889C939}.Debug|Any CPU.Build.0 = Debug|Any CPU
		{3950FB3B-0017-4E86-8166-F6F78889C939}.Release|Any CPU.ActiveCfg = Release|Any CPU
		{3950FB3B-0017-4E86-8166-F6F78889C939}.Release|Any CPU.Build.0 = Release|Any CPU
	EndGlobalSection
	GlobalSection(SolutionProperties) = preSolution
		HideSolutionNode = FALSE
	EndGlobalSection
	GlobalSection(ExtensibilityGlobals) = postSolution
		SolutionGuid = {3D53D5CC-668D-4E11-BC9A-0261F4CCF5BC}
	EndGlobalSection
EndGlobal
